PODS:
  - Flutter (1.0.0)
  - PostHog (3.42.0)
  - posthog_flutter (0.0.1):
    - Flutter
    - FlutterMacOS
    - PostHog (< 4.0.0, >= 3.40.0)

DEPENDENCIES:
  - Flutter (from `Flutter`)
  - posthog_flutter (from `.symlinks/plugins/posthog_flutter/ios`)

SPEC REPOS:
  trunk:
    - PostHog

EXTERNAL SOURCES:
  Flutter:
    :path: Flutter
  posthog_flutter:
    :path: ".symlinks/plugins/posthog_flutter/ios"

SPEC CHECKSUMS:
  Flutter: cabc95a1d2626b1b06e7179b784ebcf0c0cde467
  PostHog: c5bad245fba8629c7ea11e8c8cae05a5c30f8eed
  posthog_flutter: 074371576a1f82dc8d3c7ca6b0b6c3c930e03ba5

PODFILE CHECKSUM: 4e3db05175e1bbfaa9a6f2ea7a8934a812d864e3

COCOAPODS: 1.16.2
